
Microsoft Visual Studio Solution File, Format Version 12.00
# Visual Studio Version 17
VisualStudioVersion = 17.0.31903.59
MinimumVisualStudioVersion = 10.0.40219.1
Project("{FAE04EC0-301F-11D3-BF4B-00C04F79EFBC}") = "DemoQA.Service", "DemoQA.Service\DemoQA.Service.csproj", "{4A29D4BD-B962-4680-BD5F-AA29DFE78AA6}"
EndProject
Project("{FAE04EC0-301F-11D3-BF4B-00C04F79EFBC}") = "Core", "Core\Core.csproj", "{5FEC0D55-D12A-4140-ABE8-88D72EBD0899}"
EndProject
Project("{FAE04EC0-301F-11D3-BF4B-00C04F79EFBC}") = "DemoQA.UITesting", "DemoQA.UITesting\DemoQA.UITesting.csproj", "{6569C583-E198-4FC6-9C23-0D62B71C22F9}"
EndProject
Project("{FAE04EC0-301F-11D3-BF4B-00C04F79EFBC}") = "DemoQA.Test", "DemoQA.APITesting\DemoQA.Test.csproj", "{F54F2484-4D93-4527-8582-BBFB6495E658}"
EndProject
Global
	GlobalSection(SolutionConfigurationPlatforms) = preSolution
		Debug|Any CPU = Debug|Any CPU
		Release|Any CPU = Release|Any CPU
	EndGlobalSection
	GlobalSection(ProjectConfigurationPlatforms) = postSolution
		{4A29D4BD-B962-4680-BD5F-AA29DFE78AA6}.Debug|Any CPU.ActiveCfg = Debug|Any CPU
		{4A29D4BD-B962-4680-BD5F-AA29DFE78AA6}.Debug|Any CPU.Build.0 = Debug|Any CPU
		{4A29D4BD-B962-4680-BD5F-AA29DFE78AA6}.Release|Any CPU.ActiveCfg = Release|Any CPU
		{4A29D4BD-B962-4680-BD5F-AA29DFE78AA6}.Release|Any CPU.Build.0 = Release|Any CPU
		{5FEC0D55-D12A-4140-ABE8-88D72EBD0899}.Debug|Any CPU.ActiveCfg = Debug|Any CPU
		{5FEC0D55-D12A-4140-ABE8-88D72EBD0899}.Debug|Any CPU.Build.0 = Debug|Any CPU
		{5FEC0D55-D12A-4140-ABE8-88D72EBD0899}.Release|Any CPU.ActiveCfg = Release|Any CPU
		{5FEC0D55-D12A-4140-ABE8-88D72EBD0899}.Release|Any CPU.Build.0 = Release|Any CPU
		{6569C583-E198-4FC6-9C23-0D62B71C22F9}.Debug|Any CPU.ActiveCfg = Debug|Any CPU
		{6569C583-E198-4FC6-9C23-0D62B71C22F9}.Debug|Any CPU.Build.0 = Debug|Any CPU
		{6569C583-E198-4FC6-9C23-0D62B71C22F9}.Release|Any CPU.ActiveCfg = Release|Any CPU
		{6569C583-E198-4FC6-9C23-0D62B71C22F9}.Release|Any CPU.Build.0 = Release|Any CPU
		{F54F2484-4D93-4527-8582-BBFB6495E658}.Debug|Any CPU.ActiveCfg = Debug|Any CPU
		{F54F2484-4D93-4527-8582-BBFB6495E658}.Debug|Any CPU.Build.0 = Debug|Any CPU
		{F54F2484-4D93-4527-8582-BBFB6495E658}.Release|Any CPU.ActiveCfg = Release|Any CPU
		{F54F2484-4D93-4527-8582-BBFB6495E658}.Release|Any CPU.Build.0 = Release|Any CPU
	EndGlobalSection
	GlobalSection(SolutionProperties) = preSolution
		HideSolutionNode = FALSE
	EndGlobalSection
EndGlobal
